
Microsoft Visual Studio Solution File, Format Version 12.00
# Visual Studio Version 17
VisualStudioVersion = 17.4.33213.308
MinimumVisualStudioVersion = 10.0.40219.1
Project("{FAE04EC0-301F-11D3-BF4B-00C04F79EFBC}") = "ProjektSR", "ProjektSR\ProjektSR.csproj", "{A9CC4978-B64C-4B0F-BC7D-4D363AC1B1EB}"
EndProject
Global
	GlobalSection(SolutionConfigurationPlatforms) = preSolution
		Debug|Any CPU = Debug|Any CPU
		Release|Any CPU = Release|Any CPU
	EndGlobalSection
	GlobalSection(ProjectConfigurationPlatforms) = postSolution
		{A9CC4978-B64C-4B0F-BC7D-4D363AC1B1EB}.Debug|Any CPU.ActiveCfg = Debug|Any CPU
		{A9CC4978-B64C-4B0F-BC7D-4D363AC1B1EB}.Debug|Any CPU.Build.0 = Debug|Any CPU
		{A9CC4978-B64C-4B0F-BC7D-4D363AC1B1EB}.Release|Any CPU.ActiveCfg = Release|Any CPU
		{A9CC4978-B64C-4B0F-BC7D-4D363AC1B1EB}.Release|Any CPU.Build.0 = Release|Any CPU
	EndGlobalSection
	GlobalSection(SolutionProperties) = preSolution
		HideSolutionNode = FALSE
	EndGlobalSection
	GlobalSection(ExtensibilityGlobals) = postSolution
		SolutionGuid = {C5D8C49A-50A2-4270-9233-9DA5E47E04C9}
	EndGlobalSection
EndGlobal
